{
  "name": "xAI_ShapleyV",
  "lockfileVersion": 3,
  "requires": true,
  "packages": {
    "": {
      "dependencies": {
        "d3.js": "^0.0.2-security"
      }
    },
    "node_modules/d3.js": {
      "version": "0.0.2-security",
      "resolved": "https://registry.npmjs.org/d3.js/-/d3.js-0.0.2-security.tgz",
      "integrity": "sha512-tSm4YPzBhAZpGQGcxXHdQ9L5zanfel8Rnesff4UKDvvbRTDLUC38caf7KYuU90K72AAhCvUJshsczCC3YCZubQ=="
    }
  }
}
